
Microsoft Visual Studio Solution File, Format Version 12.00
# Visual Studio Version 16
VisualStudioVersion = 16.0.30804.86
MinimumVisualStudioVersion = 10.0.40219.1
Project("{9A19103F-16F7-4668-BE54-9A1E7A4F7556}") = "Refactor", "WzorceProgramowe\Refactor.csproj", "{F384F5EC-04CD-468A-B0DE-006CAECA2785}"
EndProject
Project("{9A19103F-16F7-4668-BE54-9A1E7A4F7556}") = "Builder", "WzorceProgramowe\Builder.csproj", "{9063C369-9D6E-4C5E-AAE3-6F3B03BBD329}"
EndProject
Project("{2150E333-8FDC-42A3-9474-1A3956D46DE8}") = "WzorceProgramowe", "WzorceProgramowe", "{89A7A6A0-65D6-4C7D-801C-E173EA974FE9}"
EndProject
Project("{2150E333-8FDC-42A3-9474-1A3956D46DE8}") = "Bezpieczeństwo", "Bezpieczeństwo", "{83D943E6-E9C1-407D-9EFD-544D5EF4EC5E}"
EndProject
Project("{9A19103F-16F7-4668-BE54-9A1E7A4F7556}") = "CaesarCode", "CaesarCode\CaesarCode.csproj", "{9DA2BAAB-CDDE-4213-A6CD-283A7A33A8B2}"
EndProject
Project("{9A19103F-16F7-4668-BE54-9A1E7A4F7556}") = "Asci", "Asci2\Asci.csproj", "{6AC745D2-9473-4523-B971-5033DB2AB8D5}"
EndProject
Project("{9A19103F-16F7-4668-BE54-9A1E7A4F7556}") = "CeasarCodeSimple", "Windows1250\CeasarCodeSimple.csproj", "{E602EF43-7964-4566-B701-621C07F0AC39}"
EndProject
Project("{9A19103F-16F7-4668-BE54-9A1E7A4F7556}") = "Prototyp", "Prototyp\Prototyp.csproj", "{5B652748-3516-4688-88BD-73F98EA6F94F}"
EndProject
Project("{9A19103F-16F7-4668-BE54-9A1E7A4F7556}") = "Fabryka abstrakcyjna", "Fabryka abstrakcyjna\Fabryka abstrakcyjna.csproj", "{0FC59283-B55E-4C0E-A335-3F2507E89075}"
EndProject
Project("{9A19103F-16F7-4668-BE54-9A1E7A4F7556}") = "Hash", "Hash\Hash.csproj", "{84EE5EDE-010E-4298-8EC3-353868DEABF0}"
EndProject
Project("{9A19103F-16F7-4668-BE54-9A1E7A4F7556}") = "Adapter", "Adapter\Adapter.csproj", "{56EC0FBF-04D5-46AB-A7AC-CABF38DCAB83}"
EndProject
Project("{9A19103F-16F7-4668-BE54-9A1E7A4F7556}") = "CombinationGenerator", "CombinationGenerator\CombinationGenerator.csproj", "{8312C486-19A6-42A4-829C-B7475D95DDD6}"
EndProject
Project("{9A19103F-16F7-4668-BE54-9A1E7A4F7556}") = "HexCoder", "HexCoder\HexCoder.csproj", "{BF5E4334-6652-42AE-97E7-AAF314034BDF}"
EndProject
Project("{9A19103F-16F7-4668-BE54-9A1E7A4F7556}") = "Dekorator", "Dekorator\Dekorator.csproj", "{8BA3ADC6-B45D-4FBB-B648-A22AAB8A8461}"
EndProject
Project("{9A19103F-16F7-4668-BE54-9A1E7A4F7556}") = "Fasada", "Fasada\Fasada.csproj", "{4092A815-ACC7-4B78-8ABD-ECEA46F51CB7}"
EndProject
Project("{9A19103F-16F7-4668-BE54-9A1E7A4F7556}") = "FunkcjaTrojparametrowa", "FunkcjaTrojparametrowa\FunkcjaTrojparametrowa.csproj", "{4E8988F4-D000-4B8E-8301-F6567EBC3FB0}"
EndProject
Project("{9A19103F-16F7-4668-BE54-9A1E7A4F7556}") = "Szyfrowanie", "Szyfrowanie\Szyfrowanie.csproj", "{65FD84B1-2B4B-4186-9FEF-29EADBF00138}"
EndProject
Project("{9A19103F-16F7-4668-BE54-9A1E7A4F7556}") = "Bridge", "Bridge\Bridge.csproj", "{242C21EF-8FC7-435A-B413-93E352B8AD73}"
EndProject
Project("{9A19103F-16F7-4668-BE54-9A1E7A4F7556}") = "Kompozyt", "Kompozyt\Kompozyt.csproj", "{78CBBA8D-D18E-4C12-8700-9C020FDDB80F}"
EndProject
Project("{9A19103F-16F7-4668-BE54-9A1E7A4F7556}") = "Proxy", "Proxy\Proxy.csproj", "{916635BA-C598-40D3-A484-E5A863A13690}"
EndProject
Project("{9A19103F-16F7-4668-BE54-9A1E7A4F7556}") = "Observe", "Observe\Observe.csproj", "{FE44A61D-21D5-4A1B-A054-BCA5E4E2F2DB}"
EndProject
Project("{9A19103F-16F7-4668-BE54-9A1E7A4F7556}") = "LancuchZobowiazan", "LancuchZobowiazan\LancuchZobowiazan.csproj", "{6DD4FA78-8185-47CF-A795-492026B7A00B}"
EndProject
Project("{9A19103F-16F7-4668-BE54-9A1E7A4F7556}") = "Polecenie", "Polecenie\Polecenie.csproj", "{F5198233-FDA0-4F4B-8DDA-B01A3FF4CD5A}"
EndProject
Project("{9A19103F-16F7-4668-BE54-9A1E7A4F7556}") = "Pamiatka", "Pamiatka\Pamiatka.csproj", "{56DBC2D9-87D2-4086-8E11-8E767A735D2E}"
EndProject
Project("{9A19103F-16F7-4668-BE54-9A1E7A4F7556}") = "Mediator", "Mediator\Mediator.csproj", "{2E8CD529-71B6-4680-A7FD-1786CB308A31}"
EndProject
Project("{9A19103F-16F7-4668-BE54-9A1E7A4F7556}") = "TemplateMethod", "TemplateMethod\TemplateMethod.csproj", "{676FE070-7943-4E37-9635-655078652176}"
EndProject
Project("{9A19103F-16F7-4668-BE54-9A1E7A4F7556}") = "Interpreter", "Interpreter\Interpreter.csproj", "{55A5DA08-EC4C-4AA6-8620-45EB32C85F46}"
EndProject
Project("{FAE04EC0-301F-11D3-BF4B-00C04F79EFBC}") = "RefactorBetter", "RefactorBetter\RefactorBetter.csproj", "{9F432DA0-2326-42BF-A0E4-4C7312D69B42}"
EndProject
Project("{FAE04EC0-301F-11D3-BF4B-00C04F79EFBC}") = "Stan", "Stan\Stan.csproj", "{22962930-313B-4073-B6E1-44AEBC1DD41F}"
EndProject
Project("{FAE04EC0-301F-11D3-BF4B-00C04F79EFBC}") = "Strategia", "Strategia\Strategia.csproj", "{965FB35D-065B-4101-9396-75B8D3E6463A}"
EndProject
Project("{FAE04EC0-301F-11D3-BF4B-00C04F79EFBC}") = "Odwiedzajacy", "Odwiedzajacy\Odwiedzajacy.csproj", "{E7BA8E5A-B515-4B61-94E0-30F8D0960C1E}"
EndProject
Global
	GlobalSection(SolutionConfigurationPlatforms) = preSolution
		Debug|Any CPU = Debug|Any CPU
		Release|Any CPU = Release|Any CPU
	EndGlobalSection
	GlobalSection(ProjectConfigurationPlatforms) = postSolution
		{F384F5EC-04CD-468A-B0DE-006CAECA2785}.Debug|Any CPU.ActiveCfg = Debug|Any CPU
		{F384F5EC-04CD-468A-B0DE-006CAECA2785}.Debug|Any CPU.Build.0 = Debug|Any CPU
		{F384F5EC-04CD-468A-B0DE-006CAECA2785}.Release|Any CPU.ActiveCfg = Release|Any CPU
		{F384F5EC-04CD-468A-B0DE-006CAECA2785}.Release|Any CPU.Build.0 = Release|Any CPU
		{9063C369-9D6E-4C5E-AAE3-6F3B03BBD329}.Debug|Any CPU.ActiveCfg = Debug|Any CPU
		{9063C369-9D6E-4C5E-AAE3-6F3B03BBD329}.Debug|Any CPU.Build.0 = Debug|Any CPU
		{9063C369-9D6E-4C5E-AAE3-6F3B03BBD329}.Release|Any CPU.ActiveCfg = Release|Any CPU
		{9063C369-9D6E-4C5E-AAE3-6F3B03BBD329}.Release|Any CPU.Build.0 = Release|Any CPU
		{9DA2BAAB-CDDE-4213-A6CD-283A7A33A8B2}.Debug|Any CPU.ActiveCfg = Debug|Any CPU
		{9DA2BAAB-CDDE-4213-A6CD-283A7A33A8B2}.Debug|Any CPU.Build.0 = Debug|Any CPU
		{9DA2BAAB-CDDE-4213-A6CD-283A7A33A8B2}.Release|Any CPU.ActiveCfg = Release|Any CPU
		{9DA2BAAB-CDDE-4213-A6CD-283A7A33A8B2}.Release|Any CPU.Build.0 = Release|Any CPU
		{6AC745D2-9473-4523-B971-5033DB2AB8D5}.Debug|Any CPU.ActiveCfg = Debug|Any CPU
		{6AC745D2-9473-4523-B971-5033DB2AB8D5}.Debug|Any CPU.Build.0 = Debug|Any CPU
		{6AC745D2-9473-4523-B971-5033DB2AB8D5}.Release|Any CPU.ActiveCfg = Release|Any CPU
		{6AC745D2-9473-4523-B971-5033DB2AB8D5}.Release|Any CPU.Build.0 = Release|Any CPU
		{E602EF43-7964-4566-B701-621C07F0AC39}.Debug|Any CPU.ActiveCfg = Debug|Any CPU
		{E602EF43-7964-4566-B701-621C07F0AC39}.Debug|Any CPU.Build.0 = Debug|Any CPU
		{E602EF43-7964-4566-B701-621C07F0AC39}.Release|Any CPU.ActiveCfg = Release|Any CPU
		{E602EF43-7964-4566-B701-621C07F0AC39}.Release|Any CPU.Build.0 = Release|Any CPU
		{5B652748-3516-4688-88BD-73F98EA6F94F}.Debug|Any CPU.ActiveCfg = Debug|Any CPU
		{5B652748-3516-4688-88BD-73F98EA6F94F}.Debug|Any CPU.Build.0 = Debug|Any CPU
		{5B652748-3516-4688-88BD-73F98EA6F94F}.Release|Any CPU.ActiveCfg = Release|Any CPU
		{5B652748-3516-4688-88BD-73F98EA6F94F}.Release|Any CPU.Build.0 = Release|Any CPU
		{0FC59283-B55E-4C0E-A335-3F2507E89075}.Debug|Any CPU.ActiveCfg = Debug|Any CPU
		{0FC59283-B55E-4C0E-A335-3F2507E89075}.Debug|Any CPU.Build.0 = Debug|Any CPU
		{0FC59283-B55E-4C0E-A335-3F2507E89075}.Release|Any CPU.ActiveCfg = Release|Any CPU
		{0FC59283-B55E-4C0E-A335-3F2507E89075}.Release|Any CPU.Build.0 = Release|Any CPU
		{84EE5EDE-010E-4298-8EC3-353868DEABF0}.Debug|Any CPU.ActiveCfg = Debug|Any CPU
		{84EE5EDE-010E-4298-8EC3-353868DEABF0}.Debug|Any CPU.Build.0 = Debug|Any CPU
		{84EE5EDE-010E-4298-8EC3-353868DEABF0}.Release|Any CPU.ActiveCfg = Release|Any CPU
		{84EE5EDE-010E-4298-8EC3-353868DEABF0}.Release|Any CPU.Build.0 = Release|Any CPU
		{56EC0FBF-04D5-46AB-A7AC-CABF38DCAB83}.Debug|Any CPU.ActiveCfg = Debug|Any CPU
		{56EC0FBF-04D5-46AB-A7AC-CABF38DCAB83}.Debug|Any CPU.Build.0 = Debug|Any CPU
		{56EC0FBF-04D5-46AB-A7AC-CABF38DCAB83}.Release|Any CPU.ActiveCfg = Release|Any CPU
		{56EC0FBF-04D5-46AB-A7AC-CABF38DCAB83}.Release|Any CPU.Build.0 = Release|Any CPU
		{8312C486-19A6-42A4-829C-B7475D95DDD6}.Debug|Any CPU.ActiveCfg = Debug|Any CPU
		{8312C486-19A6-42A4-829C-B7475D95DDD6}.Debug|Any CPU.Build.0 = Debug|Any CPU
		{8312C486-19A6-42A4-829C-B7475D95DDD6}.Release|Any CPU.ActiveCfg = Release|Any CPU
		{8312C486-19A6-42A4-829C-B7475D95DDD6}.Release|Any CPU.Build.0 = Release|Any CPU
		{BF5E4334-6652-42AE-97E7-AAF314034BDF}.Debug|Any CPU.ActiveCfg = Debug|Any CPU
		{BF5E4334-6652-42AE-97E7-AAF314034BDF}.Debug|Any CPU.Build.0 = Debug|Any CPU
		{BF5E4334-6652-42AE-97E7-AAF314034BDF}.Release|Any CPU.ActiveCfg = Release|Any CPU
		{BF5E4334-6652-42AE-97E7-AAF314034BDF}.Release|Any CPU.Build.0 = Release|Any CPU
		{8BA3ADC6-B45D-4FBB-B648-A22AAB8A8461}.Debug|Any CPU.ActiveCfg = Debug|Any CPU
		{8BA3ADC6-B45D-4FBB-B648-A22AAB8A8461}.Debug|Any CPU.Build.0 = Debug|Any CPU
		{8BA3ADC6-B45D-4FBB-B648-A22AAB8A8461}.Release|Any CPU.ActiveCfg = Release|Any CPU
		{8BA3ADC6-B45D-4FBB-B648-A22AAB8A8461}.Release|Any CPU.Build.0 = Release|Any CPU
		{4092A815-ACC7-4B78-8ABD-ECEA46F51CB7}.Debug|Any CPU.ActiveCfg = Debug|Any CPU
		{4092A815-ACC7-4B78-8ABD-ECEA46F51CB7}.Debug|Any CPU.Build.0 = Debug|Any CPU
		{4092A815-ACC7-4B78-8ABD-ECEA46F51CB7}.Release|Any CPU.ActiveCfg = Release|Any CPU
		{4092A815-ACC7-4B78-8ABD-ECEA46F51CB7}.Release|Any CPU.Build.0 = Release|Any CPU
		{4E8988F4-D000-4B8E-8301-F6567EBC3FB0}.Debug|Any CPU.ActiveCfg = Debug|Any CPU
		{4E8988F4-D000-4B8E-8301-F6567EBC3FB0}.Debug|Any CPU.Build.0 = Debug|Any CPU
		{4E8988F4-D000-4B8E-8301-F6567EBC3FB0}.Release|Any CPU.ActiveCfg = Release|Any CPU
		{4E8988F4-D000-4B8E-8301-F6567EBC3FB0}.Release|Any CPU.Build.0 = Release|Any CPU
		{65FD84B1-2B4B-4186-9FEF-29EADBF00138}.Debug|Any CPU.ActiveCfg = Debug|Any CPU
		{65FD84B1-2B4B-4186-9FEF-29EADBF00138}.Debug|Any CPU.Build.0 = Debug|Any CPU
		{65FD84B1-2B4B-4186-9FEF-29EADBF00138}.Release|Any CPU.ActiveCfg = Release|Any CPU
		{65FD84B1-2B4B-4186-9FEF-29EADBF00138}.Release|Any CPU.Build.0 = Release|Any CPU
		{242C21EF-8FC7-435A-B413-93E352B8AD73}.Debug|Any CPU.ActiveCfg = Debug|Any CPU
		{242C21EF-8FC7-435A-B413-93E352B8AD73}.Debug|Any CPU.Build.0 = Debug|Any CPU
		{242C21EF-8FC7-435A-B413-93E352B8AD73}.Release|Any CPU.ActiveCfg = Release|Any CPU
		{242C21EF-8FC7-435A-B413-93E352B8AD73}.Release|Any CPU.Build.0 = Release|Any CPU
		{78CBBA8D-D18E-4C12-8700-9C020FDDB80F}.Debug|Any CPU.ActiveCfg = Debug|Any CPU
		{78CBBA8D-D18E-4C12-8700-9C020FDDB80F}.Debug|Any CPU.Build.0 = Debug|Any CPU
		{78CBBA8D-D18E-4C12-8700-9C020FDDB80F}.Release|Any CPU.ActiveCfg = Release|Any CPU
		{78CBBA8D-D18E-4C12-8700-9C020FDDB80F}.Release|Any CPU.Build.0 = Release|Any CPU
		{916635BA-C598-40D3-A484-E5A863A13690}.Debug|Any CPU.ActiveCfg = Debug|Any CPU
		{916635BA-C598-40D3-A484-E5A863A13690}.Debug|Any CPU.Build.0 = Debug|Any CPU
		{916635BA-C598-40D3-A484-E5A863A13690}.Release|Any CPU.ActiveCfg = Release|Any CPU
		{916635BA-C598-40D3-A484-E5A863A13690}.Release|Any CPU.Build.0 = Release|Any CPU
		{FE44A61D-21D5-4A1B-A054-BCA5E4E2F2DB}.Debug|Any CPU.ActiveCfg = Debug|Any CPU
		{FE44A61D-21D5-4A1B-A054-BCA5E4E2F2DB}.Debug|Any CPU.Build.0 = Debug|Any CPU
		{FE44A61D-21D5-4A1B-A054-BCA5E4E2F2DB}.Release|Any CPU.ActiveCfg = Release|Any CPU
		{FE44A61D-21D5-4A1B-A054-BCA5E4E2F2DB}.Release|Any CPU.Build.0 = Release|Any CPU
		{6DD4FA78-8185-47CF-A795-492026B7A00B}.Debug|Any CPU.ActiveCfg = Debug|Any CPU
		{6DD4FA78-8185-47CF-A795-492026B7A00B}.Debug|Any CPU.Build.0 = Debug|Any CPU
		{6DD4FA78-8185-47CF-A795-492026B7A00B}.Release|Any CPU.ActiveCfg = Release|Any CPU
		{6DD4FA78-8185-47CF-A795-492026B7A00B}.Release|Any CPU.Build.0 = Release|Any CPU
		{F5198233-FDA0-4F4B-8DDA-B01A3FF4CD5A}.Debug|Any CPU.ActiveCfg = Debug|Any CPU
		{F5198233-FDA0-4F4B-8DDA-B01A3FF4CD5A}.Debug|Any CPU.Build.0 = Debug|Any CPU
		{F5198233-FDA0-4F4B-8DDA-B01A3FF4CD5A}.Release|Any CPU.ActiveCfg = Release|Any CPU
		{F5198233-FDA0-4F4B-8DDA-B01A3FF4CD5A}.Release|Any CPU.Build.0 = Release|Any CPU
		{56DBC2D9-87D2-4086-8E11-8E767A735D2E}.Debug|Any CPU.ActiveCfg = Debug|Any CPU
		{56DBC2D9-87D2-4086-8E11-8E767A735D2E}.Debug|Any CPU.Build.0 = Debug|Any CPU
		{56DBC2D9-87D2-4086-8E11-8E767A735D2E}.Release|Any CPU.ActiveCfg = Release|Any CPU
		{56DBC2D9-87D2-4086-8E11-8E767A735D2E}.Release|Any CPU.Build.0 = Release|Any CPU
		{2E8CD529-71B6-4680-A7FD-1786CB308A31}.Debug|Any CPU.ActiveCfg = Debug|Any CPU
		{2E8CD529-71B6-4680-A7FD-1786CB308A31}.Debug|Any CPU.Build.0 = Debug|Any CPU
		{2E8CD529-71B6-4680-A7FD-1786CB308A31}.Release|Any CPU.ActiveCfg = Release|Any CPU
		{2E8CD529-71B6-4680-A7FD-1786CB308A31}.Release|Any CPU.Build.0 = Release|Any CPU
		{676FE070-7943-4E37-9635-655078652176}.Debug|Any CPU.ActiveCfg = Debug|Any CPU
		{676FE070-7943-4E37-9635-655078652176}.Debug|Any CPU.Build.0 = Debug|Any CPU
		{676FE070-7943-4E37-9635-655078652176}.Release|Any CPU.ActiveCfg = Release|Any CPU
		{676FE070-7943-4E37-9635-655078652176}.Release|Any CPU.Build.0 = Release|Any CPU
		{55A5DA08-EC4C-4AA6-8620-45EB32C85F46}.Debug|Any CPU.ActiveCfg = Debug|Any CPU
		{55A5DA08-EC4C-4AA6-8620-45EB32C85F46}.Debug|Any CPU.Build.0 = Debug|Any CPU
		{55A5DA08-EC4C-4AA6-8620-45EB32C85F46}.Release|Any CPU.ActiveCfg = Release|Any CPU
		{55A5DA08-EC4C-4AA6-8620-45EB32C85F46}.Release|Any CPU.Build.0 = Release|Any CPU
		{9F432DA0-2326-42BF-A0E4-4C7312D69B42}.Debug|Any CPU.ActiveCfg = Debug|Any CPU
		{9F432DA0-2326-42BF-A0E4-4C7312D69B42}.Debug|Any CPU.Build.0 = Debug|Any CPU
		{9F432DA0-2326-42BF-A0E4-4C7312D69B42}.Release|Any CPU.ActiveCfg = Release|Any CPU
		{9F432DA0-2326-42BF-A0E4-4C7312D69B42}.Release|Any CPU.Build.0 = Release|Any CPU
		{22962930-313B-4073-B6E1-44AEBC1DD41F}.Debug|Any CPU.ActiveCfg = Debug|Any CPU
		{22962930-313B-4073-B6E1-44AEBC1DD41F}.Debug|Any CPU.Build.0 = Debug|Any CPU
		{22962930-313B-4073-B6E1-44AEBC1DD41F}.Release|Any CPU.ActiveCfg = Release|Any CPU
		{22962930-313B-4073-B6E1-44AEBC1DD41F}.Release|Any CPU.Build.0 = Release|Any CPU
		{965FB35D-065B-4101-9396-75B8D3E6463A}.Debug|Any CPU.ActiveCfg = Debug|Any CPU
		{965FB35D-065B-4101-9396-75B8D3E6463A}.Debug|Any CPU.Build.0 = Debug|Any CPU
		{965FB35D-065B-4101-9396-75B8D3E6463A}.Release|Any CPU.ActiveCfg = Release|Any CPU
		{965FB35D-065B-4101-9396-75B8D3E6463A}.Release|Any CPU.Build.0 = Release|Any CPU
		{E7BA8E5A-B515-4B61-94E0-30F8D0960C1E}.Debug|Any CPU.ActiveCfg = Debug|Any CPU
		{E7BA8E5A-B515-4B61-94E0-30F8D0960C1E}.Debug|Any CPU.Build.0 = Debug|Any CPU
		{E7BA8E5A-B515-4B61-94E0-30F8D0960C1E}.Release|Any CPU.ActiveCfg = Release|Any CPU
		{E7BA8E5A-B515-4B61-94E0-30F8D0960C1E}.Release|Any CPU.Build.0 = Release|Any CPU
	EndGlobalSection
	GlobalSection(SolutionProperties) = preSolution
		HideSolutionNode = FALSE
	EndGlobalSection
	GlobalSection(NestedProjects) = preSolution
		{F384F5EC-04CD-468A-B0DE-006CAECA2785} = {89A7A6A0-65D6-4C7D-801C-E173EA974FE9}
		{9063C369-9D6E-4C5E-AAE3-6F3B03BBD329} = {89A7A6A0-65D6-4C7D-801C-E173EA974FE9}
		{9DA2BAAB-CDDE-4213-A6CD-283A7A33A8B2} = {83D943E6-E9C1-407D-9EFD-544D5EF4EC5E}
		{6AC745D2-9473-4523-B971-5033DB2AB8D5} = {83D943E6-E9C1-407D-9EFD-544D5EF4EC5E}
		{E602EF43-7964-4566-B701-621C07F0AC39} = {83D943E6-E9C1-407D-9EFD-544D5EF4EC5E}
		{5B652748-3516-4688-88BD-73F98EA6F94F} = {89A7A6A0-65D6-4C7D-801C-E173EA974FE9}
		{0FC59283-B55E-4C0E-A335-3F2507E89075} = {89A7A6A0-65D6-4C7D-801C-E173EA974FE9}
		{84EE5EDE-010E-4298-8EC3-353868DEABF0} = {83D943E6-E9C1-407D-9EFD-544D5EF4EC5E}
		{56EC0FBF-04D5-46AB-A7AC-CABF38DCAB83} = {89A7A6A0-65D6-4C7D-801C-E173EA974FE9}
		{8312C486-19A6-42A4-829C-B7475D95DDD6} = {83D943E6-E9C1-407D-9EFD-544D5EF4EC5E}
		{BF5E4334-6652-42AE-97E7-AAF314034BDF} = {83D943E6-E9C1-407D-9EFD-544D5EF4EC5E}
		{8BA3ADC6-B45D-4FBB-B648-A22AAB8A8461} = {89A7A6A0-65D6-4C7D-801C-E173EA974FE9}
		{4092A815-ACC7-4B78-8ABD-ECEA46F51CB7} = {89A7A6A0-65D6-4C7D-801C-E173EA974FE9}
		{4E8988F4-D000-4B8E-8301-F6567EBC3FB0} = {83D943E6-E9C1-407D-9EFD-544D5EF4EC5E}
		{65FD84B1-2B4B-4186-9FEF-29EADBF00138} = {83D943E6-E9C1-407D-9EFD-544D5EF4EC5E}
		{242C21EF-8FC7-435A-B413-93E352B8AD73} = {89A7A6A0-65D6-4C7D-801C-E173EA974FE9}
		{78CBBA8D-D18E-4C12-8700-9C020FDDB80F} = {89A7A6A0-65D6-4C7D-801C-E173EA974FE9}
		{916635BA-C598-40D3-A484-E5A863A13690} = {89A7A6A0-65D6-4C7D-801C-E173EA974FE9}
		{FE44A61D-21D5-4A1B-A054-BCA5E4E2F2DB} = {89A7A6A0-65D6-4C7D-801C-E173EA974FE9}
		{6DD4FA78-8185-47CF-A795-492026B7A00B} = {89A7A6A0-65D6-4C7D-801C-E173EA974FE9}
		{F5198233-FDA0-4F4B-8DDA-B01A3FF4CD5A} = {89A7A6A0-65D6-4C7D-801C-E173EA974FE9}
		{56DBC2D9-87D2-4086-8E11-8E767A735D2E} = {89A7A6A0-65D6-4C7D-801C-E173EA974FE9}
		{2E8CD529-71B6-4680-A7FD-1786CB308A31} = {89A7A6A0-65D6-4C7D-801C-E173EA974FE9}
		{676FE070-7943-4E37-9635-655078652176} = {89A7A6A0-65D6-4C7D-801C-E173EA974FE9}
		{55A5DA08-EC4C-4AA6-8620-45EB32C85F46} = {89A7A6A0-65D6-4C7D-801C-E173EA974FE9}
		{9F432DA0-2326-42BF-A0E4-4C7312D69B42} = {89A7A6A0-65D6-4C7D-801C-E173EA974FE9}
		{22962930-313B-4073-B6E1-44AEBC1DD41F} = {89A7A6A0-65D6-4C7D-801C-E173EA974FE9}
		{965FB35D-065B-4101-9396-75B8D3E6463A} = {89A7A6A0-65D6-4C7D-801C-E173EA974FE9}
		{E7BA8E5A-B515-4B61-94E0-30F8D0960C1E} = {89A7A6A0-65D6-4C7D-801C-E173EA974FE9}
	EndGlobalSection
	GlobalSection(ExtensibilityGlobals) = postSolution
		SolutionGuid = {367EF49D-BC0D-4E12-99DC-93B136FCD2F4}
	EndGlobalSection
EndGlobal
